
Microsoft Visual Studio Solution File, Format Version 12.00
# Visual Studio Version 17
VisualStudioVersion = 17.14.36511.14
MinimumVisualStudioVersion = 10.0.40219.1
Project("{2150E333-8FDC-42A3-9474-1A3956D46DE8}") = "src", "src", "{02EA681E-C7D8-13C7-8484-4AC65E1B71E8}"
EndProject
Project("{2150E333-8FDC-42A3-9474-1A3956D46DE8}") = "4 - Domain", "4 - Domain", "{BE059960-8734-4D21-87D3-238EEA645DFB}"
EndProject
Project("{FAE04EC0-301F-11D3-BF4B-00C04F79EFBC}") = "AS.Users.Domain", "AS.Users.Domain\AS.Users.Domain.csproj", "{A85088D9-5E40-42DD-B87C-BE28865AD28F}"
EndProject
Project("{2150E333-8FDC-42A3-9474-1A3956D46DE8}") = "tests", "tests", "{6D062C5F-AB18-40F6-BE2D-063C5D7CEE93}"
EndProject
Project("{FAE04EC0-301F-11D3-BF4B-00C04F79EFBC}") = "AS.Users.Domain.Tests", "AS.Users.Domain.Tests\AS.Users.Domain.Tests.csproj", "{68717BEC-3A38-4D0F-A7A3-3137AE069E80}"
EndProject
Project("{2150E333-8FDC-42A3-9474-1A3956D46DE8}") = "3 - Infra", "3 - Infra", "{28979A71-F2F4-467B-86B8-512622867044}"
EndProject
Project("{FAE04EC0-301F-11D3-BF4B-00C04F79EFBC}") = "AS.Users.Infra", "AS.Users.Infra\AS.Users.Infra.csproj", "{B2EB1705-CF9C-48CF-95F3-766E466DF782}"
EndProject
Project("{FAE04EC0-301F-11D3-BF4B-00C04F79EFBC}") = "AS.Users.Infra.Tests", "AS.Users.Infra.Tests\AS.Users.Infra.Tests.csproj", "{684ACFFC-D4E8-484D-854C-58FE218484A0}"
EndProject
Project("{2150E333-8FDC-42A3-9474-1A3956D46DE8}") = "2 - Application", "2 - Application", "{C9A2E6D4-525A-4336-8E29-DCAC154A39B2}"
EndProject
Project("{FAE04EC0-301F-11D3-BF4B-00C04F79EFBC}") = "AS.Users.Application", "AS.Users.Application\AS.Users.Application.csproj", "{A6F0A9F3-4F1D-4EAA-8493-6BE1BB2A3559}"
EndProject
Project("{2150E333-8FDC-42A3-9474-1A3956D46DE8}") = "1 - Presentation", "1 - Presentation", "{D78823DD-8123-4034-B543-0515AC7B5B14}"
EndProject
Project("{FAE04EC0-301F-11D3-BF4B-00C04F79EFBC}") = "AS.Users.API", "AS.Users.API\AS.Users.API.csproj", "{ED5C918E-9B02-4480-A26A-1FA771648714}"
EndProject
Project("{2150E333-8FDC-42A3-9474-1A3956D46DE8}") = "Docs", "Docs", "{A32D217B-79D0-4BA4-A95E-895C94641F05}"
	ProjectSection(SolutionItems) = preProject
		README.md = README.md
	EndProjectSection
EndProject
Project("{E53339B2-1760-4266-BCC7-CA923CBCF16C}") = "docker-compose", "docker-compose.dcproj", "{81DDED9D-158B-E303-5F62-77A2896D2A5A}"
EndProject
Project("{2150E333-8FDC-42A3-9474-1A3956D46DE8}") = "k8s", "k8s", "{1A5C8E5B-40A0-459F-A211-1C0205ABF952}"
	ProjectSection(SolutionItems) = preProject
		k8s\users-api-config.yaml = k8s\users-api-config.yaml
		k8s\users-api-deployment.yaml = k8s\users-api-deployment.yaml
		k8s\users-api-service.yaml = k8s\users-api-service.yaml
	EndProjectSection
EndProject
Project("{2150E333-8FDC-42A3-9474-1A3956D46DE8}") = "observability", "observability", "{A3225175-9387-405C-8F51-A794090ED1CC}"
EndProject
Project("{2150E333-8FDC-42A3-9474-1A3956D46DE8}") = "prometheus", "prometheus", "{861CA6CE-88E4-49E5-9259-3E781E2D6CA7}"
	ProjectSection(SolutionItems) = preProject
		observability\prometheus\prometheus.yml = observability\prometheus\prometheus.yml
	EndProjectSection
EndProject
Global
	GlobalSection(SolutionConfigurationPlatforms) = preSolution
		Debug|Any CPU = Debug|Any CPU
		Release|Any CPU = Release|Any CPU
	EndGlobalSection
	GlobalSection(ProjectConfigurationPlatforms) = postSolution
		{A85088D9-5E40-42DD-B87C-BE28865AD28F}.Debug|Any CPU.ActiveCfg = Debug|Any CPU
		{A85088D9-5E40-42DD-B87C-BE28865AD28F}.Debug|Any CPU.Build.0 = Debug|Any CPU
		{A85088D9-5E40-42DD-B87C-BE28865AD28F}.Release|Any CPU.ActiveCfg = Release|Any CPU
		{A85088D9-5E40-42DD-B87C-BE28865AD28F}.Release|Any CPU.Build.0 = Release|Any CPU
		{68717BEC-3A38-4D0F-A7A3-3137AE069E80}.Debug|Any CPU.ActiveCfg = Debug|Any CPU
		{68717BEC-3A38-4D0F-A7A3-3137AE069E80}.Debug|Any CPU.Build.0 = Debug|Any CPU
		{68717BEC-3A38-4D0F-A7A3-3137AE069E80}.Release|Any CPU.ActiveCfg = Release|Any CPU
		{68717BEC-3A38-4D0F-A7A3-3137AE069E80}.Release|Any CPU.Build.0 = Release|Any CPU
		{B2EB1705-CF9C-48CF-95F3-766E466DF782}.Debug|Any CPU.ActiveCfg = Debug|Any CPU
		{B2EB1705-CF9C-48CF-95F3-766E466DF782}.Debug|Any CPU.Build.0 = Debug|Any CPU
		{B2EB1705-CF9C-48CF-95F3-766E466DF782}.Release|Any CPU.ActiveCfg = Release|Any CPU
		{B2EB1705-CF9C-48CF-95F3-766E466DF782}.Release|Any CPU.Build.0 = Release|Any CPU
		{684ACFFC-D4E8-484D-854C-58FE218484A0}.Debug|Any CPU.ActiveCfg = Debug|Any CPU
		{684ACFFC-D4E8-484D-854C-58FE218484A0}.Debug|Any CPU.Build.0 = Debug|Any CPU
		{684ACFFC-D4E8-484D-854C-58FE218484A0}.Release|Any CPU.ActiveCfg = Release|Any CPU
		{684ACFFC-D4E8-484D-854C-58FE218484A0}.Release|Any CPU.Build.0 = Release|Any CPU
		{A6F0A9F3-4F1D-4EAA-8493-6BE1BB2A3559}.Debug|Any CPU.ActiveCfg = Debug|Any CPU
		{A6F0A9F3-4F1D-4EAA-8493-6BE1BB2A3559}.Debug|Any CPU.Build.0 = Debug|Any CPU
		{A6F0A9F3-4F1D-4EAA-8493-6BE1BB2A3559}.Release|Any CPU.ActiveCfg = Release|Any CPU
		{A6F0A9F3-4F1D-4EAA-8493-6BE1BB2A3559}.Release|Any CPU.Build.0 = Release|Any CPU
		{ED5C918E-9B02-4480-A26A-1FA771648714}.Debug|Any CPU.ActiveCfg = Debug|Any CPU
		{ED5C918E-9B02-4480-A26A-1FA771648714}.Debug|Any CPU.Build.0 = Debug|Any CPU
		{ED5C918E-9B02-4480-A26A-1FA771648714}.Release|Any CPU.ActiveCfg = Release|Any CPU
		{ED5C918E-9B02-4480-A26A-1FA771648714}.Release|Any CPU.Build.0 = Release|Any CPU
		{81DDED9D-158B-E303-5F62-77A2896D2A5A}.Debug|Any CPU.ActiveCfg = Debug|Any CPU
		{81DDED9D-158B-E303-5F62-77A2896D2A5A}.Debug|Any CPU.Build.0 = Debug|Any CPU
		{81DDED9D-158B-E303-5F62-77A2896D2A5A}.Release|Any CPU.ActiveCfg = Release|Any CPU
		{81DDED9D-158B-E303-5F62-77A2896D2A5A}.Release|Any CPU.Build.0 = Release|Any CPU
	EndGlobalSection
	GlobalSection(SolutionProperties) = preSolution
		HideSolutionNode = FALSE
	EndGlobalSection
	GlobalSection(NestedProjects) = preSolution
		{BE059960-8734-4D21-87D3-238EEA645DFB} = {02EA681E-C7D8-13C7-8484-4AC65E1B71E8}
		{A85088D9-5E40-42DD-B87C-BE28865AD28F} = {BE059960-8734-4D21-87D3-238EEA645DFB}
		{68717BEC-3A38-4D0F-A7A3-3137AE069E80} = {6D062C5F-AB18-40F6-BE2D-063C5D7CEE93}
		{28979A71-F2F4-467B-86B8-512622867044} = {02EA681E-C7D8-13C7-8484-4AC65E1B71E8}
		{B2EB1705-CF9C-48CF-95F3-766E466DF782} = {28979A71-F2F4-467B-86B8-512622867044}
		{684ACFFC-D4E8-484D-854C-58FE218484A0} = {6D062C5F-AB18-40F6-BE2D-063C5D7CEE93}
		{C9A2E6D4-525A-4336-8E29-DCAC154A39B2} = {02EA681E-C7D8-13C7-8484-4AC65E1B71E8}
		{A6F0A9F3-4F1D-4EAA-8493-6BE1BB2A3559} = {C9A2E6D4-525A-4336-8E29-DCAC154A39B2}
		{D78823DD-8123-4034-B543-0515AC7B5B14} = {02EA681E-C7D8-13C7-8484-4AC65E1B71E8}
		{ED5C918E-9B02-4480-A26A-1FA771648714} = {D78823DD-8123-4034-B543-0515AC7B5B14}
		{861CA6CE-88E4-49E5-9259-3E781E2D6CA7} = {A3225175-9387-405C-8F51-A794090ED1CC}
	EndGlobalSection
	GlobalSection(ExtensibilityGlobals) = postSolution
		SolutionGuid = {05C791AA-08DF-4AB9-B0C7-3060D9676150}
	EndGlobalSection
EndGlobal
